
Microsoft Visual Studio Solution File, Format Version 12.00
# Visual Studio Version 17
VisualStudioVersion = 17.0.31903.59
MinimumVisualStudioVersion = 10.0.40219.1
Project("{2150E333-8FDC-42A3-9474-1A3956D46DE8}") = "src", "src", "{827E0CD3-B72D-47B6-A68D-7590B98EB39B}"
EndProject
Project("{FAE04EC0-301F-11D3-BF4B-00C04F79EFBC}") = "TheButton.Api", "src\TheButton.Api\TheButton.Api.csproj", "{449BCE84-9859-4C2A-95A2-E558663456E3}"
EndProject
Project("{FAE04EC0-301F-11D3-BF4B-00C04F79EFBC}") = "TheButton.Application", "src\TheButton.Application\TheButton.Application.csproj", "{9893E214-928C-4CBE-9670-2570936DA20C}"
EndProject
Project("{FAE04EC0-301F-11D3-BF4B-00C04F79EFBC}") = "TheButton.Domain", "src\TheButton.Domain\TheButton.Domain.csproj", "{319A65B9-BF3C-4F9B-8231-28660F789A69}"
EndProject
Project("{FAE04EC0-301F-11D3-BF4B-00C04F79EFBC}") = "TheButton.Infrastructure", "src\TheButton.Infrastructure\TheButton.Infrastructure.csproj", "{FF92E038-478F-4041-A278-0BCECBAF8CC8}"
EndProject
Project("{2150E333-8FDC-42A3-9474-1A3956D46DE8}") = "tests", "tests", "{0AB3BF05-4346-4AA6-1389-037BE0695223}"
EndProject
Project("{FAE04EC0-301F-11D3-BF4B-00C04F79EFBC}") = "TheButton.Api.UnitTests", "tests\TheButton.Api.UnitTests\TheButton.Api.UnitTests.csproj", "{8D68DB5F-07EE-4C1F-A58F-EEE56AEAC898}"
EndProject
Project("{FAE04EC0-301F-11D3-BF4B-00C04F79EFBC}") = "TheButton.Api.IntegrationTests", "tests\TheButton.Api.IntegrationTests\TheButton.Api.IntegrationTests.csproj", "{BAB8DE53-D37E-49D2-9BDD-CB6B1F05A624}"
EndProject
Project("{2150E333-8FDC-42A3-9474-1A3956D46DE8}") = "tools", "tools", "{07C2787E-EAC7-C090-1BA3-A61EC2A24D84}"
EndProject
Project("{FAE04EC0-301F-11D3-BF4B-00C04F79EFBC}") = "TheButton.MockApi", "tools\TheButton.MockApi\TheButton.MockApi.csproj", "{41795D73-DC0D-4261-BC45-8D8509763344}"
EndProject
Project("{FAE04EC0-301F-11D3-BF4B-00C04F79EFBC}") = "TheButton.Infrastructure.IntegrationTests", "tests\TheButton.Infrastructure.IntegrationTests\TheButton.Infrastructure.IntegrationTests.csproj", "{82AD238B-498E-43D9-8F44-4D791576A737}"
EndProject
Global
	GlobalSection(SolutionConfigurationPlatforms) = preSolution
		Debug|Any CPU = Debug|Any CPU
		Debug|x64 = Debug|x64
		Debug|x86 = Debug|x86
		Release|Any CPU = Release|Any CPU
		Release|x64 = Release|x64
		Release|x86 = Release|x86
	EndGlobalSection
	GlobalSection(ProjectConfigurationPlatforms) = postSolution
		{449BCE84-9859-4C2A-95A2-E558663456E3}.Debug|Any CPU.ActiveCfg = Debug|Any CPU
		{449BCE84-9859-4C2A-95A2-E558663456E3}.Debug|Any CPU.Build.0 = Debug|Any CPU
		{449BCE84-9859-4C2A-95A2-E558663456E3}.Debug|x64.ActiveCfg = Debug|Any CPU
		{449BCE84-9859-4C2A-95A2-E558663456E3}.Debug|x64.Build.0 = Debug|Any CPU
		{449BCE84-9859-4C2A-95A2-E558663456E3}.Debug|x86.ActiveCfg = Debug|Any CPU
		{449BCE84-9859-4C2A-95A2-E558663456E3}.Debug|x86.Build.0 = Debug|Any CPU
		{449BCE84-9859-4C2A-95A2-E558663456E3}.Release|Any CPU.ActiveCfg = Release|Any CPU
		{449BCE84-9859-4C2A-95A2-E558663456E3}.Release|Any CPU.Build.0 = Release|Any CPU
		{449BCE84-9859-4C2A-95A2-E558663456E3}.Release|x64.ActiveCfg = Release|Any CPU
		{449BCE84-9859-4C2A-95A2-E558663456E3}.Release|x64.Build.0 = Release|Any CPU
		{449BCE84-9859-4C2A-95A2-E558663456E3}.Release|x86.ActiveCfg = Release|Any CPU
		{449BCE84-9859-4C2A-95A2-E558663456E3}.Release|x86.Build.0 = Release|Any CPU
		{9893E214-928C-4CBE-9670-2570936DA20C}.Debug|Any CPU.ActiveCfg = Debug|Any CPU
		{9893E214-928C-4CBE-9670-2570936DA20C}.Debug|Any CPU.Build.0 = Debug|Any CPU
		{9893E214-928C-4CBE-9670-2570936DA20C}.Debug|x64.ActiveCfg = Debug|Any CPU
		{9893E214-928C-4CBE-9670-2570936DA20C}.Debug|x64.Build.0 = Debug|Any CPU
		{9893E214-928C-4CBE-9670-2570936DA20C}.Debug|x86.ActiveCfg = Debug|Any CPU
		{9893E214-928C-4CBE-9670-2570936DA20C}.Debug|x86.Build.0 = Debug|Any CPU
		{9893E214-928C-4CBE-9670-2570936DA20C}.Release|Any CPU.ActiveCfg = Release|Any CPU
		{9893E214-928C-4CBE-9670-2570936DA20C}.Release|Any CPU.Build.0 = Release|Any CPU
		{9893E214-928C-4CBE-9670-2570936DA20C}.Release|x64.ActiveCfg = Release|Any CPU
		{9893E214-928C-4CBE-9670-2570936DA20C}.Release|x64.Build.0 = Release|Any CPU
		{9893E214-928C-4CBE-9670-2570936DA20C}.Release|x86.ActiveCfg = Release|Any CPU
		{9893E214-928C-4CBE-9670-2570936DA20C}.Release|x86.Build.0 = Release|Any CPU
		{319A65B9-BF3C-4F9B-8231-28660F789A69}.Debug|Any CPU.ActiveCfg = Debug|Any CPU
		{319A65B9-BF3C-4F9B-8231-28660F789A69}.Debug|Any CPU.Build.0 = Debug|Any CPU
		{319A65B9-BF3C-4F9B-8231-28660F789A69}.Debug|x64.ActiveCfg = Debug|Any CPU
		{319A65B9-BF3C-4F9B-8231-28660F789A69}.Debug|x64.Build.0 = Debug|Any CPU
		{319A65B9-BF3C-4F9B-8231-28660F789A69}.Debug|x86.ActiveCfg = Debug|Any CPU
		{319A65B9-BF3C-4F9B-8231-28660F789A69}.Debug|x86.Build.0 = Debug|Any CPU
		{319A65B9-BF3C-4F9B-8231-28660F789A69}.Release|Any CPU.ActiveCfg = Release|Any CPU
		{319A65B9-BF3C-4F9B-8231-28660F789A69}.Release|Any CPU.Build.0 = Release|Any CPU
		{319A65B9-BF3C-4F9B-8231-28660F789A69}.Release|x64.ActiveCfg = Release|Any CPU
		{319A65B9-BF3C-4F9B-8231-28660F789A69}.Release|x64.Build.0 = Release|Any CPU
		{319A65B9-BF3C-4F9B-8231-28660F789A69}.Release|x86.ActiveCfg = Release|Any CPU
		{319A65B9-BF3C-4F9B-8231-28660F789A69}.Release|x86.Build.0 = Release|Any CPU
		{FF92E038-478F-4041-A278-0BCECBAF8CC8}.Debug|Any CPU.ActiveCfg = Debug|Any CPU
		{FF92E038-478F-4041-A278-0BCECBAF8CC8}.Debug|Any CPU.Build.0 = Debug|Any CPU
		{FF92E038-478F-4041-A278-0BCECBAF8CC8}.Debug|x64.ActiveCfg = Debug|Any CPU
		{FF92E038-478F-4041-A278-0BCECBAF8CC8}.Debug|x64.Build.0 = Debug|Any CPU
		{FF92E038-478F-4041-A278-0BCECBAF8CC8}.Debug|x86.ActiveCfg = Debug|Any CPU
		{FF92E038-478F-4041-A278-0BCECBAF8CC8}.Debug|x86.Build.0 = Debug|Any CPU
		{FF92E038-478F-4041-A278-0BCECBAF8CC8}.Release|Any CPU.ActiveCfg = Release|Any CPU
		{FF92E038-478F-4041-A278-0BCECBAF8CC8}.Release|Any CPU.Build.0 = Release|Any CPU
		{FF92E038-478F-4041-A278-0BCECBAF8CC8}.Release|x64.ActiveCfg = Release|Any CPU
		{FF92E038-478F-4041-A278-0BCECBAF8CC8}.Release|x64.Build.0 = Release|Any CPU
		{FF92E038-478F-4041-A278-0BCECBAF8CC8}.Release|x86.ActiveCfg = Release|Any CPU
		{FF92E038-478F-4041-A278-0BCECBAF8CC8}.Release|x86.Build.0 = Release|Any CPU
		{8D68DB5F-07EE-4C1F-A58F-EEE56AEAC898}.Debug|Any CPU.ActiveCfg = Debug|Any CPU
		{8D68DB5F-07EE-4C1F-A58F-EEE56AEAC898}.Debug|Any CPU.Build.0 = Debug|Any CPU
		{8D68DB5F-07EE-4C1F-A58F-EEE56AEAC898}.Debug|x64.ActiveCfg = Debug|Any CPU
		{8D68DB5F-07EE-4C1F-A58F-EEE56AEAC898}.Debug|x64.Build.0 = Debug|Any CPU
		{8D68DB5F-07EE-4C1F-A58F-EEE56AEAC898}.Debug|x86.ActiveCfg = Debug|Any CPU
		{8D68DB5F-07EE-4C1F-A58F-EEE56AEAC898}.Debug|x86.Build.0 = Debug|Any CPU
		{8D68DB5F-07EE-4C1F-A58F-EEE56AEAC898}.Release|Any CPU.ActiveCfg = Release|Any CPU
		{8D68DB5F-07EE-4C1F-A58F-EEE56AEAC898}.Release|Any CPU.Build.0 = Release|Any CPU
		{8D68DB5F-07EE-4C1F-A58F-EEE56AEAC898}.Release|x64.ActiveCfg = Release|Any CPU
		{8D68DB5F-07EE-4C1F-A58F-EEE56AEAC898}.Release|x64.Build.0 = Release|Any CPU
		{8D68DB5F-07EE-4C1F-A58F-EEE56AEAC898}.Release|x86.ActiveCfg = Release|Any CPU
		{8D68DB5F-07EE-4C1F-A58F-EEE56AEAC898}.Release|x86.Build.0 = Release|Any CPU
		{BAB8DE53-D37E-49D2-9BDD-CB6B1F05A624}.Debug|Any CPU.ActiveCfg = Debug|Any CPU
		{BAB8DE53-D37E-49D2-9BDD-CB6B1F05A624}.Debug|Any CPU.Build.0 = Debug|Any CPU
		{BAB8DE53-D37E-49D2-9BDD-CB6B1F05A624}.Debug|x64.ActiveCfg = Debug|Any CPU
		{BAB8DE53-D37E-49D2-9BDD-CB6B1F05A624}.Debug|x64.Build.0 = Debug|Any CPU
		{BAB8DE53-D37E-49D2-9BDD-CB6B1F05A624}.Debug|x86.ActiveCfg = Debug|Any CPU
		{BAB8DE53-D37E-49D2-9BDD-CB6B1F05A624}.Debug|x86.Build.0 = Debug|Any CPU
		{BAB8DE53-D37E-49D2-9BDD-CB6B1F05A624}.Release|Any CPU.ActiveCfg = Release|Any CPU
		{BAB8DE53-D37E-49D2-9BDD-CB6B1F05A624}.Release|Any CPU.Build.0 = Release|Any CPU
		{BAB8DE53-D37E-49D2-9BDD-CB6B1F05A624}.Release|x64.ActiveCfg = Release|Any CPU
		{BAB8DE53-D37E-49D2-9BDD-CB6B1F05A624}.Release|x64.Build.0 = Release|Any CPU
		{BAB8DE53-D37E-49D2-9BDD-CB6B1F05A624}.Release|x86.ActiveCfg = Release|Any CPU
		{BAB8DE53-D37E-49D2-9BDD-CB6B1F05A624}.Release|x86.Build.0 = Release|Any CPU
		{41795D73-DC0D-4261-BC45-8D8509763344}.Debug|Any CPU.ActiveCfg = Debug|Any CPU
		{41795D73-DC0D-4261-BC45-8D8509763344}.Debug|Any CPU.Build.0 = Debug|Any CPU
		{41795D73-DC0D-4261-BC45-8D8509763344}.Debug|x64.ActiveCfg = Debug|Any CPU
		{41795D73-DC0D-4261-BC45-8D8509763344}.Debug|x64.Build.0 = Debug|Any CPU
		{41795D73-DC0D-4261-BC45-8D8509763344}.Debug|x86.ActiveCfg = Debug|Any CPU
		{41795D73-DC0D-4261-BC45-8D8509763344}.Debug|x86.Build.0 = Debug|Any CPU
		{41795D73-DC0D-4261-BC45-8D8509763344}.Release|Any CPU.ActiveCfg = Release|Any CPU
		{41795D73-DC0D-4261-BC45-8D8509763344}.Release|Any CPU.Build.0 = Release|Any CPU
		{41795D73-DC0D-4261-BC45-8D8509763344}.Release|x64.ActiveCfg = Release|Any CPU
		{41795D73-DC0D-4261-BC45-8D8509763344}.Release|x64.Build.0 = Release|Any CPU
		{41795D73-DC0D-4261-BC45-8D8509763344}.Release|x86.ActiveCfg = Release|Any CPU
		{41795D73-DC0D-4261-BC45-8D8509763344}.Release|x86.Build.0 = Release|Any CPU
		{82AD238B-498E-43D9-8F44-4D791576A737}.Debug|Any CPU.ActiveCfg = Debug|Any CPU
		{82AD238B-498E-43D9-8F44-4D791576A737}.Debug|Any CPU.Build.0 = Debug|Any CPU
		{82AD238B-498E-43D9-8F44-4D791576A737}.Debug|x64.ActiveCfg = Debug|Any CPU
		{82AD238B-498E-43D9-8F44-4D791576A737}.Debug|x64.Build.0 = Debug|Any CPU
		{82AD238B-498E-43D9-8F44-4D791576A737}.Debug|x86.ActiveCfg = Debug|Any CPU
		{82AD238B-498E-43D9-8F44-4D791576A737}.Debug|x86.Build.0 = Debug|Any CPU
		{82AD238B-498E-43D9-8F44-4D791576A737}.Release|Any CPU.ActiveCfg = Release|Any CPU
		{82AD238B-498E-43D9-8F44-4D791576A737}.Release|Any CPU.Build.0 = Release|Any CPU
		{82AD238B-498E-43D9-8F44-4D791576A737}.Release|x64.ActiveCfg = Release|Any CPU
		{82AD238B-498E-43D9-8F44-4D791576A737}.Release|x64.Build.0 = Release|Any CPU
		{82AD238B-498E-43D9-8F44-4D791576A737}.Release|x86.ActiveCfg = Release|Any CPU
		{82AD238B-498E-43D9-8F44-4D791576A737}.Release|x86.Build.0 = Release|Any CPU
	EndGlobalSection
	GlobalSection(SolutionProperties) = preSolution
		HideSolutionNode = FALSE
	EndGlobalSection
	GlobalSection(NestedProjects) = preSolution
		{449BCE84-9859-4C2A-95A2-E558663456E3} = {827E0CD3-B72D-47B6-A68D-7590B98EB39B}
		{9893E214-928C-4CBE-9670-2570936DA20C} = {827E0CD3-B72D-47B6-A68D-7590B98EB39B}
		{319A65B9-BF3C-4F9B-8231-28660F789A69} = {827E0CD3-B72D-47B6-A68D-7590B98EB39B}
		{FF92E038-478F-4041-A278-0BCECBAF8CC8} = {827E0CD3-B72D-47B6-A68D-7590B98EB39B}
		{8D68DB5F-07EE-4C1F-A58F-EEE56AEAC898} = {0AB3BF05-4346-4AA6-1389-037BE0695223}
		{BAB8DE53-D37E-49D2-9BDD-CB6B1F05A624} = {0AB3BF05-4346-4AA6-1389-037BE0695223}
		{41795D73-DC0D-4261-BC45-8D8509763344} = {07C2787E-EAC7-C090-1BA3-A61EC2A24D84}
		{82AD238B-498E-43D9-8F44-4D791576A737} = {0AB3BF05-4346-4AA6-1389-037BE0695223}
	EndGlobalSection
EndGlobal
