
Microsoft Visual Studio Solution File, Format Version 12.00
# Visual Studio Version 17
VisualStudioVersion = 17.0.31903.59
MinimumVisualStudioVersion = 10.0.40219.1
Project("{2150E333-8FDC-42A3-9474-1A3956D46DE8}") = "src", "src", "{827E0CD3-B72D-47B6-A68D-7590B98EB39B}"
EndProject
Project("{FAE04EC0-301F-11D3-BF4B-00C04F79EFBC}") = "TheButton.Api", "src\TheButton.Api\TheButton.Api.csproj", "{36B29A5F-EB59-420C-B6AD-5440BDA15137}"
EndProject
Project("{2150E333-8FDC-42A3-9474-1A3956D46DE8}") = "tests", "tests", "{0AB3BF05-4346-4AA6-1389-037BE0695223}"
EndProject
Project("{FAE04EC0-301F-11D3-BF4B-00C04F79EFBC}") = "TheButton.Api.UnitTests", "tests\TheButton.Api.UnitTests\TheButton.Api.UnitTests.csproj", "{A35C48B1-BF0A-41E2-ACDF-90D5D66475AD}"
EndProject
Project("{FAE04EC0-301F-11D3-BF4B-00C04F79EFBC}") = "TheButton.Api.IntegrationTests", "tests\TheButton.Api.IntegrationTests\TheButton.Api.IntegrationTests.csproj", "{41C96A6F-231D-4C33-845A-759DCBC66181}"
EndProject
Project("{FAE04EC0-301F-11D3-BF4B-00C04F79EFBC}") = "TheButton.Mobile.Core", "src\mobile\TheButton.Mobile.Core\TheButton.Mobile.Core.csproj", "{A4950756-3375-4273-B655-F56BD421062E}"
EndProject
Project("{FAE04EC0-301F-11D3-BF4B-00C04F79EFBC}") = "TheButton.Mobile.Infrastructure", "src\mobile\TheButton.Mobile.Infrastructure\TheButton.Mobile.Infrastructure.csproj", "{97739E92-D035-42A7-8BF5-EDEA3AA7C3EA}"
EndProject
Project("{FAE04EC0-301F-11D3-BF4B-00C04F79EFBC}") = "TheButton.Mobile", "src\mobile\TheButton.Mobile\TheButton.Mobile.csproj", "{54F10542-75CC-4CF9-837A-F78E787D64C7}"
EndProject
Project("{2150E333-8FDC-42A3-9474-1A3956D46DE8}") = "tools", "tools", "{07C2787E-EAC7-C090-1BA3-A61EC2A24D84}"
EndProject
Project("{FAE04EC0-301F-11D3-BF4B-00C04F79EFBC}") = "TheButton.MockApi", "src\mobile\TheButton.MockApi\TheButton.MockApi.csproj", "{A8327631-8A2A-49D5-A400-A27921EB124D}"
EndProject
Project("{FAE04EC0-301F-11D3-BF4B-00C04F79EFBC}") = "TheButton.Mobile.UnitTests", "tests\mobile\TheButton.Mobile.UnitTests\TheButton.Mobile.UnitTests.csproj", "{0FD8E11B-6728-4C24-BAC6-A74CAED576D3}"
EndProject
Project("{FAE04EC0-301F-11D3-BF4B-00C04F79EFBC}") = "TheButton.Mobile.IntegrationTests", "tests\mobile\TheButton.Mobile.IntegrationTests\TheButton.Mobile.IntegrationTests.csproj", "{480DF9A0-1A41-4170-B2C6-3EE431F15184}"
EndProject
Project("{FAE04EC0-301F-11D3-BF4B-00C04F79EFBC}") = "TheButton.Application", "src\TheButton.Application\TheButton.Application.csproj", "{3B0D762B-3CA5-4E3A-976B-E292AA21EBF2}"
EndProject
Project("{FAE04EC0-301F-11D3-BF4B-00C04F79EFBC}") = "TheButton.Domain", "src\TheButton.Domain\TheButton.Domain.csproj", "{8F9AE728-5C64-4BB2-A390-C062D01BCFCC}"
EndProject
Project("{FAE04EC0-301F-11D3-BF4B-00C04F79EFBC}") = "TheButton.Infrastructure", "src\TheButton.Infrastructure\TheButton.Infrastructure.csproj", "{84DC3DD1-DAA4-4B85-A472-A68C27FB2D9D}"
EndProject
Global
	GlobalSection(SolutionConfigurationPlatforms) = preSolution
		Debug|Any CPU = Debug|Any CPU
		Debug|x64 = Debug|x64
		Debug|x86 = Debug|x86
		Release|Any CPU = Release|Any CPU
		Release|x64 = Release|x64
		Release|x86 = Release|x86
	EndGlobalSection
	GlobalSection(ProjectConfigurationPlatforms) = postSolution
		{36B29A5F-EB59-420C-B6AD-5440BDA15137}.Debug|Any CPU.ActiveCfg = Debug|Any CPU
		{36B29A5F-EB59-420C-B6AD-5440BDA15137}.Debug|Any CPU.Build.0 = Debug|Any CPU
		{36B29A5F-EB59-420C-B6AD-5440BDA15137}.Debug|x64.ActiveCfg = Debug|Any CPU
		{36B29A5F-EB59-420C-B6AD-5440BDA15137}.Debug|x64.Build.0 = Debug|Any CPU
		{36B29A5F-EB59-420C-B6AD-5440BDA15137}.Debug|x86.ActiveCfg = Debug|Any CPU
		{36B29A5F-EB59-420C-B6AD-5440BDA15137}.Debug|x86.Build.0 = Debug|Any CPU
		{36B29A5F-EB59-420C-B6AD-5440BDA15137}.Release|Any CPU.ActiveCfg = Release|Any CPU
		{36B29A5F-EB59-420C-B6AD-5440BDA15137}.Release|Any CPU.Build.0 = Release|Any CPU
		{36B29A5F-EB59-420C-B6AD-5440BDA15137}.Release|x64.ActiveCfg = Release|Any CPU
		{36B29A5F-EB59-420C-B6AD-5440BDA15137}.Release|x64.Build.0 = Release|Any CPU
		{36B29A5F-EB59-420C-B6AD-5440BDA15137}.Release|x86.ActiveCfg = Release|Any CPU
		{36B29A5F-EB59-420C-B6AD-5440BDA15137}.Release|x86.Build.0 = Release|Any CPU
		{A35C48B1-BF0A-41E2-ACDF-90D5D66475AD}.Debug|Any CPU.ActiveCfg = Debug|Any CPU
		{A35C48B1-BF0A-41E2-ACDF-90D5D66475AD}.Debug|Any CPU.Build.0 = Debug|Any CPU
		{A35C48B1-BF0A-41E2-ACDF-90D5D66475AD}.Debug|x64.ActiveCfg = Debug|Any CPU
		{A35C48B1-BF0A-41E2-ACDF-90D5D66475AD}.Debug|x64.Build.0 = Debug|Any CPU
		{A35C48B1-BF0A-41E2-ACDF-90D5D66475AD}.Debug|x86.ActiveCfg = Debug|Any CPU
		{A35C48B1-BF0A-41E2-ACDF-90D5D66475AD}.Debug|x86.Build.0 = Debug|Any CPU
		{A35C48B1-BF0A-41E2-ACDF-90D5D66475AD}.Release|Any CPU.ActiveCfg = Release|Any CPU
		{A35C48B1-BF0A-41E2-ACDF-90D5D66475AD}.Release|Any CPU.Build.0 = Release|Any CPU
		{A35C48B1-BF0A-41E2-ACDF-90D5D66475AD}.Release|x64.ActiveCfg = Release|Any CPU
		{A35C48B1-BF0A-41E2-ACDF-90D5D66475AD}.Release|x64.Build.0 = Release|Any CPU
		{A35C48B1-BF0A-41E2-ACDF-90D5D66475AD}.Release|x86.ActiveCfg = Release|Any CPU
		{A35C48B1-BF0A-41E2-ACDF-90D5D66475AD}.Release|x86.Build.0 = Release|Any CPU
		{41C96A6F-231D-4C33-845A-759DCBC66181}.Debug|Any CPU.ActiveCfg = Debug|Any CPU
		{41C96A6F-231D-4C33-845A-759DCBC66181}.Debug|Any CPU.Build.0 = Debug|Any CPU
		{41C96A6F-231D-4C33-845A-759DCBC66181}.Debug|x64.ActiveCfg = Debug|Any CPU
		{41C96A6F-231D-4C33-845A-759DCBC66181}.Debug|x64.Build.0 = Debug|Any CPU
		{41C96A6F-231D-4C33-845A-759DCBC66181}.Debug|x86.ActiveCfg = Debug|Any CPU
		{41C96A6F-231D-4C33-845A-759DCBC66181}.Debug|x86.Build.0 = Debug|Any CPU
		{41C96A6F-231D-4C33-845A-759DCBC66181}.Release|Any CPU.ActiveCfg = Release|Any CPU
		{41C96A6F-231D-4C33-845A-759DCBC66181}.Release|Any CPU.Build.0 = Release|Any CPU
		{41C96A6F-231D-4C33-845A-759DCBC66181}.Release|x64.ActiveCfg = Release|Any CPU
		{41C96A6F-231D-4C33-845A-759DCBC66181}.Release|x64.Build.0 = Release|Any CPU
		{41C96A6F-231D-4C33-845A-759DCBC66181}.Release|x86.ActiveCfg = Release|Any CPU
		{41C96A6F-231D-4C33-845A-759DCBC66181}.Release|x86.Build.0 = Release|Any CPU
		{A4950756-3375-4273-B655-F56BD421062E}.Debug|Any CPU.ActiveCfg = Debug|Any CPU
		{A4950756-3375-4273-B655-F56BD421062E}.Debug|Any CPU.Build.0 = Debug|Any CPU
		{A4950756-3375-4273-B655-F56BD421062E}.Debug|x64.ActiveCfg = Debug|Any CPU
		{A4950756-3375-4273-B655-F56BD421062E}.Debug|x64.Build.0 = Debug|Any CPU
		{A4950756-3375-4273-B655-F56BD421062E}.Debug|x86.ActiveCfg = Debug|Any CPU
		{A4950756-3375-4273-B655-F56BD421062E}.Debug|x86.Build.0 = Debug|Any CPU
		{A4950756-3375-4273-B655-F56BD421062E}.Release|Any CPU.ActiveCfg = Release|Any CPU
		{A4950756-3375-4273-B655-F56BD421062E}.Release|Any CPU.Build.0 = Release|Any CPU
		{A4950756-3375-4273-B655-F56BD421062E}.Release|x64.ActiveCfg = Release|Any CPU
		{A4950756-3375-4273-B655-F56BD421062E}.Release|x64.Build.0 = Release|Any CPU
		{A4950756-3375-4273-B655-F56BD421062E}.Release|x86.ActiveCfg = Release|Any CPU
		{A4950756-3375-4273-B655-F56BD421062E}.Release|x86.Build.0 = Release|Any CPU
		{97739E92-D035-42A7-8BF5-EDEA3AA7C3EA}.Debug|Any CPU.ActiveCfg = Debug|Any CPU
		{97739E92-D035-42A7-8BF5-EDEA3AA7C3EA}.Debug|Any CPU.Build.0 = Debug|Any CPU
		{97739E92-D035-42A7-8BF5-EDEA3AA7C3EA}.Debug|x64.ActiveCfg = Debug|Any CPU
		{97739E92-D035-42A7-8BF5-EDEA3AA7C3EA}.Debug|x64.Build.0 = Debug|Any CPU
		{97739E92-D035-42A7-8BF5-EDEA3AA7C3EA}.Debug|x86.ActiveCfg = Debug|Any CPU
		{97739E92-D035-42A7-8BF5-EDEA3AA7C3EA}.Debug|x86.Build.0 = Debug|Any CPU
		{97739E92-D035-42A7-8BF5-EDEA3AA7C3EA}.Release|Any CPU.ActiveCfg = Release|Any CPU
		{97739E92-D035-42A7-8BF5-EDEA3AA7C3EA}.Release|Any CPU.Build.0 = Release|Any CPU
		{97739E92-D035-42A7-8BF5-EDEA3AA7C3EA}.Release|x64.ActiveCfg = Release|Any CPU
		{97739E92-D035-42A7-8BF5-EDEA3AA7C3EA}.Release|x64.Build.0 = Release|Any CPU
		{97739E92-D035-42A7-8BF5-EDEA3AA7C3EA}.Release|x86.ActiveCfg = Release|Any CPU
		{97739E92-D035-42A7-8BF5-EDEA3AA7C3EA}.Release|x86.Build.0 = Release|Any CPU
		{54F10542-75CC-4CF9-837A-F78E787D64C7}.Debug|Any CPU.ActiveCfg = Debug|Any CPU
		{54F10542-75CC-4CF9-837A-F78E787D64C7}.Debug|Any CPU.Build.0 = Debug|Any CPU
		{54F10542-75CC-4CF9-837A-F78E787D64C7}.Debug|x64.ActiveCfg = Debug|Any CPU
		{54F10542-75CC-4CF9-837A-F78E787D64C7}.Debug|x64.Build.0 = Debug|Any CPU
		{54F10542-75CC-4CF9-837A-F78E787D64C7}.Debug|x86.ActiveCfg = Debug|Any CPU
		{54F10542-75CC-4CF9-837A-F78E787D64C7}.Debug|x86.Build.0 = Debug|Any CPU
		{54F10542-75CC-4CF9-837A-F78E787D64C7}.Release|Any CPU.ActiveCfg = Release|Any CPU
		{54F10542-75CC-4CF9-837A-F78E787D64C7}.Release|Any CPU.Build.0 = Release|Any CPU
		{54F10542-75CC-4CF9-837A-F78E787D64C7}.Release|x64.ActiveCfg = Release|Any CPU
		{54F10542-75CC-4CF9-837A-F78E787D64C7}.Release|x64.Build.0 = Release|Any CPU
		{54F10542-75CC-4CF9-837A-F78E787D64C7}.Release|x86.ActiveCfg = Release|Any CPU
		{54F10542-75CC-4CF9-837A-F78E787D64C7}.Release|x86.Build.0 = Release|Any CPU
		{A8327631-8A2A-49D5-A400-A27921EB124D}.Debug|Any CPU.ActiveCfg = Debug|Any CPU
		{A8327631-8A2A-49D5-A400-A27921EB124D}.Debug|Any CPU.Build.0 = Debug|Any CPU
		{A8327631-8A2A-49D5-A400-A27921EB124D}.Debug|x64.ActiveCfg = Debug|Any CPU
		{A8327631-8A2A-49D5-A400-A27921EB124D}.Debug|x64.Build.0 = Debug|Any CPU
		{A8327631-8A2A-49D5-A400-A27921EB124D}.Debug|x86.ActiveCfg = Debug|Any CPU
		{A8327631-8A2A-49D5-A400-A27921EB124D}.Debug|x86.Build.0 = Debug|Any CPU
		{A8327631-8A2A-49D5-A400-A27921EB124D}.Release|Any CPU.ActiveCfg = Release|Any CPU
		{A8327631-8A2A-49D5-A400-A27921EB124D}.Release|Any CPU.Build.0 = Release|Any CPU
		{A8327631-8A2A-49D5-A400-A27921EB124D}.Release|x64.ActiveCfg = Release|Any CPU
		{A8327631-8A2A-49D5-A400-A27921EB124D}.Release|x64.Build.0 = Release|Any CPU
		{A8327631-8A2A-49D5-A400-A27921EB124D}.Release|x86.ActiveCfg = Release|Any CPU
		{A8327631-8A2A-49D5-A400-A27921EB124D}.Release|x86.Build.0 = Release|Any CPU
		{0FD8E11B-6728-4C24-BAC6-A74CAED576D3}.Debug|Any CPU.ActiveCfg = Debug|Any CPU
		{0FD8E11B-6728-4C24-BAC6-A74CAED576D3}.Debug|Any CPU.Build.0 = Debug|Any CPU
		{0FD8E11B-6728-4C24-BAC6-A74CAED576D3}.Debug|x64.ActiveCfg = Debug|Any CPU
		{0FD8E11B-6728-4C24-BAC6-A74CAED576D3}.Debug|x64.Build.0 = Debug|Any CPU
		{0FD8E11B-6728-4C24-BAC6-A74CAED576D3}.Debug|x86.ActiveCfg = Debug|Any CPU
		{0FD8E11B-6728-4C24-BAC6-A74CAED576D3}.Debug|x86.Build.0 = Debug|Any CPU
		{0FD8E11B-6728-4C24-BAC6-A74CAED576D3}.Release|Any CPU.ActiveCfg = Release|Any CPU
		{0FD8E11B-6728-4C24-BAC6-A74CAED576D3}.Release|Any CPU.Build.0 = Release|Any CPU
		{0FD8E11B-6728-4C24-BAC6-A74CAED576D3}.Release|x64.ActiveCfg = Release|Any CPU
		{0FD8E11B-6728-4C24-BAC6-A74CAED576D3}.Release|x64.Build.0 = Release|Any CPU
		{0FD8E11B-6728-4C24-BAC6-A74CAED576D3}.Release|x86.ActiveCfg = Release|Any CPU
		{0FD8E11B-6728-4C24-BAC6-A74CAED576D3}.Release|x86.Build.0 = Release|Any CPU
		{480DF9A0-1A41-4170-B2C6-3EE431F15184}.Debug|Any CPU.ActiveCfg = Debug|Any CPU
		{480DF9A0-1A41-4170-B2C6-3EE431F15184}.Debug|Any CPU.Build.0 = Debug|Any CPU
		{480DF9A0-1A41-4170-B2C6-3EE431F15184}.Debug|x64.ActiveCfg = Debug|Any CPU
		{480DF9A0-1A41-4170-B2C6-3EE431F15184}.Debug|x64.Build.0 = Debug|Any CPU
		{480DF9A0-1A41-4170-B2C6-3EE431F15184}.Debug|x86.ActiveCfg = Debug|Any CPU
		{480DF9A0-1A41-4170-B2C6-3EE431F15184}.Debug|x86.Build.0 = Debug|Any CPU
		{480DF9A0-1A41-4170-B2C6-3EE431F15184}.Release|Any CPU.ActiveCfg = Release|Any CPU
		{480DF9A0-1A41-4170-B2C6-3EE431F15184}.Release|Any CPU.Build.0 = Release|Any CPU
		{480DF9A0-1A41-4170-B2C6-3EE431F15184}.Release|x64.ActiveCfg = Release|Any CPU
		{480DF9A0-1A41-4170-B2C6-3EE431F15184}.Release|x64.Build.0 = Release|Any CPU
		{480DF9A0-1A41-4170-B2C6-3EE431F15184}.Release|x86.ActiveCfg = Release|Any CPU
		{480DF9A0-1A41-4170-B2C6-3EE431F15184}.Release|x86.Build.0 = Release|Any CPU
		{3B0D762B-3CA5-4E3A-976B-E292AA21EBF2}.Debug|Any CPU.ActiveCfg = Debug|Any CPU
		{3B0D762B-3CA5-4E3A-976B-E292AA21EBF2}.Debug|Any CPU.Build.0 = Debug|Any CPU
		{3B0D762B-3CA5-4E3A-976B-E292AA21EBF2}.Debug|x64.ActiveCfg = Debug|Any CPU
		{3B0D762B-3CA5-4E3A-976B-E292AA21EBF2}.Debug|x64.Build.0 = Debug|Any CPU
		{3B0D762B-3CA5-4E3A-976B-E292AA21EBF2}.Debug|x86.ActiveCfg = Debug|Any CPU
		{3B0D762B-3CA5-4E3A-976B-E292AA21EBF2}.Debug|x86.Build.0 = Debug|Any CPU
		{3B0D762B-3CA5-4E3A-976B-E292AA21EBF2}.Release|Any CPU.ActiveCfg = Release|Any CPU
		{3B0D762B-3CA5-4E3A-976B-E292AA21EBF2}.Release|Any CPU.Build.0 = Release|Any CPU
		{3B0D762B-3CA5-4E3A-976B-E292AA21EBF2}.Release|x64.ActiveCfg = Release|Any CPU
		{3B0D762B-3CA5-4E3A-976B-E292AA21EBF2}.Release|x64.Build.0 = Release|Any CPU
		{3B0D762B-3CA5-4E3A-976B-E292AA21EBF2}.Release|x86.ActiveCfg = Release|Any CPU
		{3B0D762B-3CA5-4E3A-976B-E292AA21EBF2}.Release|x86.Build.0 = Release|Any CPU
		{8F9AE728-5C64-4BB2-A390-C062D01BCFCC}.Debug|Any CPU.ActiveCfg = Debug|Any CPU
		{8F9AE728-5C64-4BB2-A390-C062D01BCFCC}.Debug|Any CPU.Build.0 = Debug|Any CPU
		{8F9AE728-5C64-4BB2-A390-C062D01BCFCC}.Debug|x64.ActiveCfg = Debug|Any CPU
		{8F9AE728-5C64-4BB2-A390-C062D01BCFCC}.Debug|x64.Build.0 = Debug|Any CPU
		{8F9AE728-5C64-4BB2-A390-C062D01BCFCC}.Debug|x86.ActiveCfg = Debug|Any CPU
		{8F9AE728-5C64-4BB2-A390-C062D01BCFCC}.Debug|x86.Build.0 = Debug|Any CPU
		{8F9AE728-5C64-4BB2-A390-C062D01BCFCC}.Release|Any CPU.ActiveCfg = Release|Any CPU
		{8F9AE728-5C64-4BB2-A390-C062D01BCFCC}.Release|Any CPU.Build.0 = Release|Any CPU
		{8F9AE728-5C64-4BB2-A390-C062D01BCFCC}.Release|x64.ActiveCfg = Release|Any CPU
		{8F9AE728-5C64-4BB2-A390-C062D01BCFCC}.Release|x64.Build.0 = Release|Any CPU
		{8F9AE728-5C64-4BB2-A390-C062D01BCFCC}.Release|x86.ActiveCfg = Release|Any CPU
		{8F9AE728-5C64-4BB2-A390-C062D01BCFCC}.Release|x86.Build.0 = Release|Any CPU
		{84DC3DD1-DAA4-4B85-A472-A68C27FB2D9D}.Debug|Any CPU.ActiveCfg = Debug|Any CPU
		{84DC3DD1-DAA4-4B85-A472-A68C27FB2D9D}.Debug|Any CPU.Build.0 = Debug|Any CPU
		{84DC3DD1-DAA4-4B85-A472-A68C27FB2D9D}.Debug|x64.ActiveCfg = Debug|Any CPU
		{84DC3DD1-DAA4-4B85-A472-A68C27FB2D9D}.Debug|x64.Build.0 = Debug|Any CPU
		{84DC3DD1-DAA4-4B85-A472-A68C27FB2D9D}.Debug|x86.ActiveCfg = Debug|Any CPU
		{84DC3DD1-DAA4-4B85-A472-A68C27FB2D9D}.Debug|x86.Build.0 = Debug|Any CPU
		{84DC3DD1-DAA4-4B85-A472-A68C27FB2D9D}.Release|Any CPU.ActiveCfg = Release|Any CPU
		{84DC3DD1-DAA4-4B85-A472-A68C27FB2D9D}.Release|Any CPU.Build.0 = Release|Any CPU
		{84DC3DD1-DAA4-4B85-A472-A68C27FB2D9D}.Release|x64.ActiveCfg = Release|Any CPU
		{84DC3DD1-DAA4-4B85-A472-A68C27FB2D9D}.Release|x64.Build.0 = Release|Any CPU
		{84DC3DD1-DAA4-4B85-A472-A68C27FB2D9D}.Release|x86.ActiveCfg = Release|Any CPU
		{84DC3DD1-DAA4-4B85-A472-A68C27FB2D9D}.Release|x86.Build.0 = Release|Any CPU
	EndGlobalSection
	GlobalSection(SolutionProperties) = preSolution
		HideSolutionNode = FALSE
	EndGlobalSection
	GlobalSection(NestedProjects) = preSolution
		{36B29A5F-EB59-420C-B6AD-5440BDA15137} = {827E0CD3-B72D-47B6-A68D-7590B98EB39B}
		{A35C48B1-BF0A-41E2-ACDF-90D5D66475AD} = {0AB3BF05-4346-4AA6-1389-037BE0695223}
		{41C96A6F-231D-4C33-845A-759DCBC66181} = {0AB3BF05-4346-4AA6-1389-037BE0695223}
		{A4950756-3375-4273-B655-F56BD421062E} = {827E0CD3-B72D-47B6-A68D-7590B98EB39B}
		{97739E92-D035-42A7-8BF5-EDEA3AA7C3EA} = {827E0CD3-B72D-47B6-A68D-7590B98EB39B}
		{54F10542-75CC-4CF9-837A-F78E787D64C7} = {827E0CD3-B72D-47B6-A68D-7590B98EB39B}
		{A8327631-8A2A-49D5-A400-A27921EB124D} = {07C2787E-EAC7-C090-1BA3-A61EC2A24D84}
		{0FD8E11B-6728-4C24-BAC6-A74CAED576D3} = {0AB3BF05-4346-4AA6-1389-037BE0695223}
		{480DF9A0-1A41-4170-B2C6-3EE431F15184} = {0AB3BF05-4346-4AA6-1389-037BE0695223}
		{3B0D762B-3CA5-4E3A-976B-E292AA21EBF2} = {827E0CD3-B72D-47B6-A68D-7590B98EB39B}
		{8F9AE728-5C64-4BB2-A390-C062D01BCFCC} = {827E0CD3-B72D-47B6-A68D-7590B98EB39B}
		{84DC3DD1-DAA4-4B85-A472-A68C27FB2D9D} = {827E0CD3-B72D-47B6-A68D-7590B98EB39B}
	EndGlobalSection
EndGlobal
