
Microsoft Visual Studio Solution File, Format Version 12.00
# Visual Studio Version 17
VisualStudioVersion = 17.0.31903.59
MinimumVisualStudioVersion = 10.0.40219.1
Project("{2150E333-8FDC-42A3-9474-1A3956D46DE8}") = "src", "src", "{827E0CD3-B72D-47B6-A68D-7590B98EB39B}"
EndProject
Project("{2150E333-8FDC-42A3-9474-1A3956D46DE8}") = "mobile", "mobile", "{5F6E8ECF-6C7C-84BC-3852-AC68F2C425F8}"
EndProject
Project("{FAE04EC0-301F-11D3-BF4B-00C04F79EFBC}") = "TheButton.Mobile", "src\mobile\TheButton.Mobile\TheButton.Mobile.csproj", "{062CDD30-97E9-498F-ACEE-5B158E574B12}"
EndProject
Project("{FAE04EC0-301F-11D3-BF4B-00C04F79EFBC}") = "TheButton.Mobile.Infrastructure", "src\mobile\TheButton.Mobile.Infrastructure\TheButton.Mobile.Infrastructure.csproj", "{3F1DCDD2-5311-4CCC-9679-842898A579C6}"
EndProject
Project("{FAE04EC0-301F-11D3-BF4B-00C04F79EFBC}") = "TheButton.Mobile.Core", "src\mobile\TheButton.Mobile.Core\TheButton.Mobile.Core.csproj", "{884F7120-B5A3-4B7D-93E1-07D61492609C}"
EndProject
Project("{2150E333-8FDC-42A3-9474-1A3956D46DE8}") = "tests", "tests", "{0AB3BF05-4346-4AA6-1389-037BE0695223}"
EndProject
Project("{2150E333-8FDC-42A3-9474-1A3956D46DE8}") = "mobile", "mobile", "{A912CA24-4E11-2618-EA75-7EE43E58E92C}"
EndProject
Project("{FAE04EC0-301F-11D3-BF4B-00C04F79EFBC}") = "TheButton.Mobile.UnitTests", "tests\mobile\TheButton.Mobile.UnitTests\TheButton.Mobile.UnitTests.csproj", "{C77B7DF6-6474-4D20-9D5D-60907B4D477B}"
EndProject
Project("{FAE04EC0-301F-11D3-BF4B-00C04F79EFBC}") = "TheButton.Mobile.IntegrationTests", "tests\mobile\TheButton.Mobile.IntegrationTests\TheButton.Mobile.IntegrationTests.csproj", "{B889716F-F8D5-456C-B48C-AAA065485D46}"
EndProject
Project("{2150E333-8FDC-42A3-9474-1A3956D46DE8}") = "tools", "tools", "{07C2787E-EAC7-C090-1BA3-A61EC2A24D84}"
EndProject
Project("{FAE04EC0-301F-11D3-BF4B-00C04F79EFBC}") = "TheButton.MockApi", "tools\TheButton.MockApi\TheButton.MockApi.csproj", "{283F4556-D14F-419F-9E65-B9D470AD235C}"
EndProject
Global
	GlobalSection(SolutionConfigurationPlatforms) = preSolution
		Debug|Any CPU = Debug|Any CPU
		Debug|x64 = Debug|x64
		Debug|x86 = Debug|x86
		Release|Any CPU = Release|Any CPU
		Release|x64 = Release|x64
		Release|x86 = Release|x86
	EndGlobalSection
	GlobalSection(ProjectConfigurationPlatforms) = postSolution
		{062CDD30-97E9-498F-ACEE-5B158E574B12}.Debug|Any CPU.ActiveCfg = Debug|Any CPU
		{062CDD30-97E9-498F-ACEE-5B158E574B12}.Debug|Any CPU.Build.0 = Debug|Any CPU
		{062CDD30-97E9-498F-ACEE-5B158E574B12}.Debug|x64.ActiveCfg = Debug|Any CPU
		{062CDD30-97E9-498F-ACEE-5B158E574B12}.Debug|x64.Build.0 = Debug|Any CPU
		{062CDD30-97E9-498F-ACEE-5B158E574B12}.Debug|x86.ActiveCfg = Debug|Any CPU
		{062CDD30-97E9-498F-ACEE-5B158E574B12}.Debug|x86.Build.0 = Debug|Any CPU
		{062CDD30-97E9-498F-ACEE-5B158E574B12}.Release|Any CPU.ActiveCfg = Release|Any CPU
		{062CDD30-97E9-498F-ACEE-5B158E574B12}.Release|Any CPU.Build.0 = Release|Any CPU
		{062CDD30-97E9-498F-ACEE-5B158E574B12}.Release|x64.ActiveCfg = Release|Any CPU
		{062CDD30-97E9-498F-ACEE-5B158E574B12}.Release|x64.Build.0 = Release|Any CPU
		{062CDD30-97E9-498F-ACEE-5B158E574B12}.Release|x86.ActiveCfg = Release|Any CPU
		{062CDD30-97E9-498F-ACEE-5B158E574B12}.Release|x86.Build.0 = Release|Any CPU
		{3F1DCDD2-5311-4CCC-9679-842898A579C6}.Debug|Any CPU.ActiveCfg = Debug|Any CPU
		{3F1DCDD2-5311-4CCC-9679-842898A579C6}.Debug|Any CPU.Build.0 = Debug|Any CPU
		{3F1DCDD2-5311-4CCC-9679-842898A579C6}.Debug|x64.ActiveCfg = Debug|Any CPU
		{3F1DCDD2-5311-4CCC-9679-842898A579C6}.Debug|x64.Build.0 = Debug|Any CPU
		{3F1DCDD2-5311-4CCC-9679-842898A579C6}.Debug|x86.ActiveCfg = Debug|Any CPU
		{3F1DCDD2-5311-4CCC-9679-842898A579C6}.Debug|x86.Build.0 = Debug|Any CPU
		{3F1DCDD2-5311-4CCC-9679-842898A579C6}.Release|Any CPU.ActiveCfg = Release|Any CPU
		{3F1DCDD2-5311-4CCC-9679-842898A579C6}.Release|Any CPU.Build.0 = Release|Any CPU
		{3F1DCDD2-5311-4CCC-9679-842898A579C6}.Release|x64.ActiveCfg = Release|Any CPU
		{3F1DCDD2-5311-4CCC-9679-842898A579C6}.Release|x64.Build.0 = Release|Any CPU
		{3F1DCDD2-5311-4CCC-9679-842898A579C6}.Release|x86.ActiveCfg = Release|Any CPU
		{3F1DCDD2-5311-4CCC-9679-842898A579C6}.Release|x86.Build.0 = Release|Any CPU
		{884F7120-B5A3-4B7D-93E1-07D61492609C}.Debug|Any CPU.ActiveCfg = Debug|Any CPU
		{884F7120-B5A3-4B7D-93E1-07D61492609C}.Debug|Any CPU.Build.0 = Debug|Any CPU
		{884F7120-B5A3-4B7D-93E1-07D61492609C}.Debug|x64.ActiveCfg = Debug|Any CPU
		{884F7120-B5A3-4B7D-93E1-07D61492609C}.Debug|x64.Build.0 = Debug|Any CPU
		{884F7120-B5A3-4B7D-93E1-07D61492609C}.Debug|x86.ActiveCfg = Debug|Any CPU
		{884F7120-B5A3-4B7D-93E1-07D61492609C}.Debug|x86.Build.0 = Debug|Any CPU
		{884F7120-B5A3-4B7D-93E1-07D61492609C}.Release|Any CPU.ActiveCfg = Release|Any CPU
		{884F7120-B5A3-4B7D-93E1-07D61492609C}.Release|Any CPU.Build.0 = Release|Any CPU
		{884F7120-B5A3-4B7D-93E1-07D61492609C}.Release|x64.ActiveCfg = Release|Any CPU
		{884F7120-B5A3-4B7D-93E1-07D61492609C}.Release|x64.Build.0 = Release|Any CPU
		{884F7120-B5A3-4B7D-93E1-07D61492609C}.Release|x86.ActiveCfg = Release|Any CPU
		{884F7120-B5A3-4B7D-93E1-07D61492609C}.Release|x86.Build.0 = Release|Any CPU
		{C77B7DF6-6474-4D20-9D5D-60907B4D477B}.Debug|Any CPU.ActiveCfg = Debug|Any CPU
		{C77B7DF6-6474-4D20-9D5D-60907B4D477B}.Debug|Any CPU.Build.0 = Debug|Any CPU
		{C77B7DF6-6474-4D20-9D5D-60907B4D477B}.Debug|x64.ActiveCfg = Debug|Any CPU
		{C77B7DF6-6474-4D20-9D5D-60907B4D477B}.Debug|x64.Build.0 = Debug|Any CPU
		{C77B7DF6-6474-4D20-9D5D-60907B4D477B}.Debug|x86.ActiveCfg = Debug|Any CPU
		{C77B7DF6-6474-4D20-9D5D-60907B4D477B}.Debug|x86.Build.0 = Debug|Any CPU
		{C77B7DF6-6474-4D20-9D5D-60907B4D477B}.Release|Any CPU.ActiveCfg = Release|Any CPU
		{C77B7DF6-6474-4D20-9D5D-60907B4D477B}.Release|Any CPU.Build.0 = Release|Any CPU
		{C77B7DF6-6474-4D20-9D5D-60907B4D477B}.Release|x64.ActiveCfg = Release|Any CPU
		{C77B7DF6-6474-4D20-9D5D-60907B4D477B}.Release|x64.Build.0 = Release|Any CPU
		{C77B7DF6-6474-4D20-9D5D-60907B4D477B}.Release|x86.ActiveCfg = Release|Any CPU
		{C77B7DF6-6474-4D20-9D5D-60907B4D477B}.Release|x86.Build.0 = Release|Any CPU
		{B889716F-F8D5-456C-B48C-AAA065485D46}.Debug|Any CPU.ActiveCfg = Debug|Any CPU
		{B889716F-F8D5-456C-B48C-AAA065485D46}.Debug|Any CPU.Build.0 = Debug|Any CPU
		{B889716F-F8D5-456C-B48C-AAA065485D46}.Debug|x64.ActiveCfg = Debug|Any CPU
		{B889716F-F8D5-456C-B48C-AAA065485D46}.Debug|x64.Build.0 = Debug|Any CPU
		{B889716F-F8D5-456C-B48C-AAA065485D46}.Debug|x86.ActiveCfg = Debug|Any CPU
		{B889716F-F8D5-456C-B48C-AAA065485D46}.Debug|x86.Build.0 = Debug|Any CPU
		{B889716F-F8D5-456C-B48C-AAA065485D46}.Release|Any CPU.ActiveCfg = Release|Any CPU
		{B889716F-F8D5-456C-B48C-AAA065485D46}.Release|Any CPU.Build.0 = Release|Any CPU
		{B889716F-F8D5-456C-B48C-AAA065485D46}.Release|x64.ActiveCfg = Release|Any CPU
		{B889716F-F8D5-456C-B48C-AAA065485D46}.Release|x64.Build.0 = Release|Any CPU
		{B889716F-F8D5-456C-B48C-AAA065485D46}.Release|x86.ActiveCfg = Release|Any CPU
		{B889716F-F8D5-456C-B48C-AAA065485D46}.Release|x86.Build.0 = Release|Any CPU
		{283F4556-D14F-419F-9E65-B9D470AD235C}.Debug|Any CPU.ActiveCfg = Debug|Any CPU
		{283F4556-D14F-419F-9E65-B9D470AD235C}.Debug|Any CPU.Build.0 = Debug|Any CPU
		{283F4556-D14F-419F-9E65-B9D470AD235C}.Debug|x64.ActiveCfg = Debug|Any CPU
		{283F4556-D14F-419F-9E65-B9D470AD235C}.Debug|x64.Build.0 = Debug|Any CPU
		{283F4556-D14F-419F-9E65-B9D470AD235C}.Debug|x86.ActiveCfg = Debug|Any CPU
		{283F4556-D14F-419F-9E65-B9D470AD235C}.Debug|x86.Build.0 = Debug|Any CPU
		{283F4556-D14F-419F-9E65-B9D470AD235C}.Release|Any CPU.ActiveCfg = Release|Any CPU
		{283F4556-D14F-419F-9E65-B9D470AD235C}.Release|Any CPU.Build.0 = Release|Any CPU
		{283F4556-D14F-419F-9E65-B9D470AD235C}.Release|x64.ActiveCfg = Release|Any CPU
		{283F4556-D14F-419F-9E65-B9D470AD235C}.Release|x64.Build.0 = Release|Any CPU
		{283F4556-D14F-419F-9E65-B9D470AD235C}.Release|x86.ActiveCfg = Release|Any CPU
		{283F4556-D14F-419F-9E65-B9D470AD235C}.Release|x86.Build.0 = Release|Any CPU
	EndGlobalSection
	GlobalSection(SolutionProperties) = preSolution
		HideSolutionNode = FALSE
	EndGlobalSection
	GlobalSection(NestedProjects) = preSolution
		{5F6E8ECF-6C7C-84BC-3852-AC68F2C425F8} = {827E0CD3-B72D-47B6-A68D-7590B98EB39B}
		{062CDD30-97E9-498F-ACEE-5B158E574B12} = {5F6E8ECF-6C7C-84BC-3852-AC68F2C425F8}
		{3F1DCDD2-5311-4CCC-9679-842898A579C6} = {5F6E8ECF-6C7C-84BC-3852-AC68F2C425F8}
		{884F7120-B5A3-4B7D-93E1-07D61492609C} = {5F6E8ECF-6C7C-84BC-3852-AC68F2C425F8}
		{A912CA24-4E11-2618-EA75-7EE43E58E92C} = {0AB3BF05-4346-4AA6-1389-037BE0695223}
		{C77B7DF6-6474-4D20-9D5D-60907B4D477B} = {A912CA24-4E11-2618-EA75-7EE43E58E92C}
		{B889716F-F8D5-456C-B48C-AAA065485D46} = {A912CA24-4E11-2618-EA75-7EE43E58E92C}
		{283F4556-D14F-419F-9E65-B9D470AD235C} = {07C2787E-EAC7-C090-1BA3-A61EC2A24D84}
	EndGlobalSection
EndGlobal
